PODS:
  - Realm (2.8.3):
    - Realm/Headers (= 2.8.3)
  - Realm/Headers (2.8.3)
  - RealmSwift (2.8.3):
    - Realm (= 2.8.3)

DEPENDENCIES:
  - RealmSwift

SPEC CHECKSUMS:
  Realm: 3601ef091c8c499a31101d8563b991e75546cdce
  RealmSwift: 8183818515471b01a99abdd2970f8e4fd52b6f4a

PODFILE CHECKSUM: 4880d64f4065ffe5b8de0f8cc0bbc467369f1ac1

COCOAPODS: 1.2.1
