// !$*UTF8*$!
{
	archiveVersion = 1;
	classes = {
	};
	objectVersion = 48;
	objects = {

/* Begin PBXBuildFile section */
		17751DA17D0BC13498DC75F4 /* Pods_VictoryUITests.framework in Frameworks */ = {isa = PBXBuildFile; fileRef = 52CE821D7431E89F0EC5450B /* Pods_VictoryUITests.framework */; };
		B48EDFFF1F04963000668DFD /* AppDelegate.swift in Sources */ = {isa = PBXBuildFile; fileRef = B48EDFFE1F04963000668DFD /* AppDelegate.swift */; };
		B48EE0011F04963000668DFD /* ListViewController.swift in Sources */ = {isa = PBXBuildFile; fileRef = B48EE0001F04963000668DFD /* ListViewController.swift */; };
		B48EE0041F04963000668DFD /* Main.storyboard in Resources */ = {isa = PBXBuildFile; fileRef = B48EE0021F04963000668DFD /* Main.storyboard */; };
		B48EE0061F04963000668DFD /* Assets.xcassets in Resources */ = {isa = PBXBuildFile; fileRef = B48EE0051F04963000668DFD /* Assets.xcassets */; };
		B48EE0091F04963000668DFD /* LaunchScreen.storyboard in Resources */ = {isa = PBXBuildFile; fileRef = B48EE0071F04963000668DFD /* LaunchScreen.storyboard */; };
		B48EE0141F04963000668DFD /* VictoryTests.swift in Sources */ = {isa = PBXBuildFile; fileRef = B48EE0131F04963000668DFD /* VictoryTests.swift */; };
		B48EE01F1F04963000668DFD /* VictoryUITests.swift in Sources */ = {isa = PBXBuildFile; fileRef = B48EE01E1F04963000668DFD /* VictoryUITests.swift */; };
		B48EE02F1F049A4A00668DFD /* Run.swift in Sources */ = {isa = PBXBuildFile; fileRef = B48EE02E1F049A4A00668DFD /* Run.swift */; };
		B48EE0311F049BF000668DFD /* Location.swift in Sources */ = {isa = PBXBuildFile; fileRef = B48EE0301F049BF000668DFD /* Location.swift */; };
		B4B95A5C1F054FB200FE8C22 /* RunDetailViewController.swift in Sources */ = {isa = PBXBuildFile; fileRef = B4B95A5B1F054FB200FE8C22 /* RunDetailViewController.swift */; };
		CE4D4632FEFFA6D7920643D6 /* Pods_VictoryTests.framework in Frameworks */ = {isa = PBXBuildFile; fileRef = 447831D7F05D16B2E10AB92E /* Pods_VictoryTests.framework */; };
		D18CA73B839A0BC799DA4C77 /* Pods_Victory.framework in Frameworks */ = {isa = PBXBuildFile; fileRef = A837E05E42EFE837EDBD1952 /* Pods_Victory.framework */; };
/* End PBXBuildFile section */

/* Begin PBXContainerItemProxy section */
		B48EE0101F04963000668DFD /* PBXContainerItemProxy */ = {
			isa = PBXContainerItemProxy;
			containerPortal = B48EDFF31F04963000668DFD /* Project object */;
			proxyType = 1;
			remoteGlobalIDString = B48EDFFA1F04963000668DFD;
			remoteInfo = Victory;
		};
		B48EE01B1F04963000668DFD /* PBXContainerItemProxy */ = {
			isa = PBXContainerItemProxy;
			containerPortal = B48EDFF31F04963000668DFD /* Project object */;
			proxyType = 1;
			remoteGlobalIDString = B48EDFFA1F04963000668DFD;
			remoteInfo = Victory;
		};
/* End PBXContainerItemProxy section */

/* Begin PBXFileReference section */
		0CD2F568C8193AB3EE246F70 /* Pods-VictoryTests.debug.xcconfig */ = {isa = PBXFileReference; includeInIndex = 1; lastKnownFileType = text.xcconfig; name = "Pods-VictoryTests.debug.xcconfig"; path = "Pods/Target Support Files/Pods-VictoryTests/Pods-VictoryTests.debug.xcconfig"; sourceTree = "<group>"; };
		1E05D73EF8AC4B4BB96A41E6 /* Pods-Victory.debug.xcconfig */ = {isa = PBXFileReference; includeInIndex = 1; lastKnownFileType = text.xcconfig; name = "Pods-Victory.debug.xcconfig"; path = "Pods/Target Support Files/Pods-Victory/Pods-Victory.debug.xcconfig"; sourceTree = "<group>"; };
		447831D7F05D16B2E10AB92E /* Pods_VictoryTests.framework */ = {isa = PBXFileReference; explicitFileType = wrapper.framework; includeInIndex = 0; path = Pods_VictoryTests.framework; sourceTree = BUILT_PRODUCTS_DIR; };
		52CE821D7431E89F0EC5450B /* Pods_VictoryUITests.framework */ = {isa = PBXFileReference; explicitFileType = wrapper.framework; includeInIndex = 0; path = Pods_VictoryUITests.framework; sourceTree = BUILT_PRODUCTS_DIR; };
		55F68AB14292742AB3DD0B25 /* Pods-VictoryUITests.debug.xcconfig */ = {isa = PBXFileReference; includeInIndex = 1; lastKnownFileType = text.xcconfig; name = "Pods-VictoryUITests.debug.xcconfig"; path = "Pods/Target Support Files/Pods-VictoryUITests/Pods-VictoryUITests.debug.xcconfig"; sourceTree = "<group>"; };
		6749F0A4317E798204128276 /* Pods-VictoryUITests.release.xcconfig */ = {isa = PBXFileReference; includeInIndex = 1; lastKnownFileType = text.xcconfig; name = "Pods-VictoryUITests.release.xcconfig"; path = "Pods/Target Support Files/Pods-VictoryUITests/Pods-VictoryUITests.release.xcconfig"; sourceTree = "<group>"; };
		863B4A97021AAB0E95DADAA6 /* Pods-Victory.release.xcconfig */ = {isa = PBXFileReference; includeInIndex = 1; lastKnownFileType = text.xcconfig; name = "Pods-Victory.release.xcconfig"; path = "Pods/Target Support Files/Pods-Victory/Pods-Victory.release.xcconfig"; sourceTree = "<group>"; };
		A837E05E42EFE837EDBD1952 /* Pods_Victory.framework */ = {isa = PBXFileReference; explicitFileType = wrapper.framework; includeInIndex = 0; path = Pods_Victory.framework; sourceTree = BUILT_PRODUCTS_DIR; };
		B48EDFFB1F04963000668DFD /* Victory.app */ = {isa = PBXFileReference; explicitFileType = wrapper.application; includeInIndex = 0; path = Victory.app; sourceTree = BUILT_PRODUCTS_DIR; };
		B48EDFFE1F04963000668DFD /* AppDelegate.swift */ = {isa = PBXFileReference; lastKnownFileType = sourcecode.swift; path = AppDelegate.swift; sourceTree = "<group>"; };
		B48EE0001F04963000668DFD /* ListViewController.swift */ = {isa = PBXFileReference; lastKnownFileType = sourcecode.swift; path = ListViewController.swift; sourceTree = "<group>"; };
		B48EE0031F04963000668DFD /* Base */ = {isa = PBXFileReference; lastKnownFileType = file.storyboard; name = Base; path = Base.lproj/Main.storyboard; sourceTree = "<group>"; };
		B48EE0051F04963000668DFD /* Assets.xcassets */ = {isa = PBXFileReference; lastKnownFileType = folder.assetcatalog; path = Assets.xcassets; sourceTree = "<group>"; };
		B48EE0081F04963000668DFD /* Base */ = {isa = PBXFileReference; lastKnownFileType = file.storyboard; name = Base; path = Base.lproj/LaunchScreen.storyboard; sourceTree = "<group>"; };
		B48EE00A1F04963000668DFD /* Info.plist */ = {isa = PBXFileReference; lastKnownFileType = text.plist.xml; path = Info.plist; sourceTree = "<group>"; };
		B48EE00F1F04963000668DFD /* VictoryTests.xctest */ = {isa = PBXFileReference; explicitFileType = wrapper.cfbundle; includeInIndex = 0; path = VictoryTests.xctest; sourceTree = BUILT_PRODUCTS_DIR; };
		B48EE0131F04963000668DFD /* VictoryTests.swift */ = {isa = PBXFileReference; lastKnownFileType = sourcecode.swift; path = VictoryTests.swift; sourceTree = "<group>"; };
		B48EE0151F04963000668DFD /* Info.plist */ = {isa = PBXFileReference; lastKnownFileType = text.plist.xml; path = Info.plist; sourceTree = "<group>"; };
		B48EE01A1F04963000668DFD /* VictoryUITests.xctest */ = {isa = PBXFileReference; explicitFileType = wrapper.cfbundle; includeInIndex = 0; path = VictoryUITests.xctest; sourceTree = BUILT_PRODUCTS_DIR; };
		B48EE01E1F04963000668DFD /* VictoryUITests.swift */ = {isa = PBXFileReference; lastKnownFileType = sourcecode.swift; path = VictoryUITests.swift; sourceTree = "<group>"; };
		B48EE0201F04963000668DFD /* Info.plist */ = {isa = PBXFileReference; lastKnownFileType = text.plist.xml; path = Info.plist; sourceTree = "<group>"; };
		B48EE02E1F049A4A00668DFD /* Run.swift */ = {isa = PBXFileReference; lastKnownFileType = sourcecode.swift; path = Run.swift; sourceTree = "<group>"; };
		B48EE0301F049BF000668DFD /* Location.swift */ = {isa = PBXFileReference; lastKnownFileType = sourcecode.swift; path = Location.swift; sourceTree = "<group>"; };
		B4B95A5B1F054FB200FE8C22 /* RunDetailViewController.swift */ = {isa = PBXFileReference; lastKnownFileType = sourcecode.swift; path = RunDetailViewController.swift; sourceTree = "<group>"; };
		E3E0F4A01F832959A82426FB /* Pods-VictoryTests.release.xcconfig */ = {isa = PBXFileReference; includeInIndex = 1; lastKnownFileType = text.xcconfig; name = "Pods-VictoryTests.release.xcconfig"; path = "Pods/Target Support Files/Pods-VictoryTests/Pods-VictoryTests.release.xcconfig"; sourceTree = "<group>"; };
/* End PBXFileReference section */

/* Begin PBXFrameworksBuildPhase section */
		B48EDFF81F04963000668DFD /* Frameworks */ = {
			isa = PBXFrameworksBuildPhase;
			buildActionMask = 2147483647;
			files = (
				D18CA73B839A0BC799DA4C77 /* Pods_Victory.framework in Frameworks */,
			);
			runOnlyForDeploymentPostprocessing = 0;
		};
		B48EE00C1F04963000668DFD /* Frameworks */ = {
			isa = PBXFrameworksBuildPhase;
			buildActionMask = 2147483647;
			files = (
				CE4D4632FEFFA6D7920643D6 /* Pods_VictoryTests.framework in Frameworks */,
			);
			runOnlyForDeploymentPostprocessing = 0;
		};
		B48EE0171F04963000668DFD /* Frameworks */ = {
			isa = PBXFrameworksBuildPhase;
			buildActionMask = 2147483647;
			files = (
				17751DA17D0BC13498DC75F4 /* Pods_VictoryUITests.framework in Frameworks */,
			);
			runOnlyForDeploymentPostprocessing = 0;
		};
/* End PBXFrameworksBuildPhase section */

/* Begin PBXGroup section */
		8415D724EC68A6F336F0FF30 /* Frameworks */ = {
			isa = PBXGroup;
			children = (
				A837E05E42EFE837EDBD1952 /* Pods_Victory.framework */,
				447831D7F05D16B2E10AB92E /* Pods_VictoryTests.framework */,
				52CE821D7431E89F0EC5450B /* Pods_VictoryUITests.framework */,
			);
			name = Frameworks;
			sourceTree = "<group>";
		};
		9FAF569AE0A6E5228F8699A3 /* Pods */ = {
			isa = PBXGroup;
			children = (
				1E05D73EF8AC4B4BB96A41E6 /* Pods-Victory.debug.xcconfig */,
				863B4A97021AAB0E95DADAA6 /* Pods-Victory.release.xcconfig */,
				0CD2F568C8193AB3EE246F70 /* Pods-VictoryTests.debug.xcconfig */,
				E3E0F4A01F832959A82426FB /* Pods-VictoryTests.release.xcconfig */,
				55F68AB14292742AB3DD0B25 /* Pods-VictoryUITests.debug.xcconfig */,
				6749F0A4317E798204128276 /* Pods-VictoryUITests.release.xcconfig */,
			);
			name = Pods;
			sourceTree = "<group>";
		};
		B48EDFF21F04963000668DFD = {
			isa = PBXGroup;
			children = (
				B48EDFFD1F04963000668DFD /* Victory */,
				B48EE0121F04963000668DFD /* VictoryTests */,
				B48EE01D1F04963000668DFD /* VictoryUITests */,
				B48EDFFC1F04963000668DFD /* Products */,
				9FAF569AE0A6E5228F8699A3 /* Pods */,
				8415D724EC68A6F336F0FF30 /* Frameworks */,
			);
			sourceTree = "<group>";
		};
		B48EDFFC1F04963000668DFD /* Products */ = {
			isa = PBXGroup;
			children = (
				B48EDFFB1F04963000668DFD /* Victory.app */,
				B48EE00F1F04963000668DFD /* VictoryTests.xctest */,
				B48EE01A1F04963000668DFD /* VictoryUITests.xctest */,
			);
			name = Products;
			sourceTree = "<group>";
		};
		B48EDFFD1F04963000668DFD /* Victory */ = {
			isa = PBXGroup;
			children = (
				B48EE0321F049E7D00668DFD /* Services */,
				B48EE02D1F049A3700668DFD /* Models */,
				B48EE02C1F0499E800668DFD /* ViewControllers */,
				B48EDFFE1F04963000668DFD /* AppDelegate.swift */,
				B48EE0021F04963000668DFD /* Main.storyboard */,
				B48EE0051F04963000668DFD /* Assets.xcassets */,
				B48EE0071F04963000668DFD /* LaunchScreen.storyboard */,
				B48EE00A1F04963000668DFD /* Info.plist */,
			);
			path = Victory;
			sourceTree = "<group>";
		};
		B48EE0121F04963000668DFD /* VictoryTests */ = {
			isa = PBXGroup;
			children = (
				B48EE0131F04963000668DFD /* VictoryTests.swift */,
				B48EE0151F04963000668DFD /* Info.plist */,
			);
			path = VictoryTests;
			sourceTree = "<group>";
		};
		B48EE01D1F04963000668DFD /* VictoryUITests */ = {
			isa = PBXGroup;
			children = (
				B48EE01E1F04963000668DFD /* VictoryUITests.swift */,
				B48EE0201F04963000668DFD /* Info.plist */,
			);
			path = VictoryUITests;
			sourceTree = "<group>";
		};
		B48EE02C1F0499E800668DFD /* ViewControllers */ = {
			isa = PBXGroup;
			children = (
				B48EE0001F04963000668DFD /* ListViewController.swift */,
				B4B95A5B1F054FB200FE8C22 /* RunDetailViewController.swift */,
			);
			path = ViewControllers;
			sourceTree = "<group>";
		};
		B48EE02D1F049A3700668DFD /* Models */ = {
			isa = PBXGroup;
			children = (
				B48EE02E1F049A4A00668DFD /* Run.swift */,
				B48EE0301F049BF000668DFD /* Location.swift */,
			);
			path = Models;
			sourceTree = "<group>";
		};
		B48EE0321F049E7D00668DFD /* Services */ = {
			isa = PBXGroup;
			children = (
			);
			path = Services;
			sourceTree = "<group>";
		};
/* End PBXGroup section */

/* Begin PBXNativeTarget section */
		B48EDFFA1F04963000668DFD /* Victory */ = {
			isa = PBXNativeTarget;
			buildConfigurationList = B48EE0231F04963000668DFD /* Build configuration list for PBXNativeTarget "Victory" */;
			buildPhases = (
				44DD263DAF2E2F223790CD65 /* [CP] Check Pods Manifest.lock */,
				B48EDFF71F04963000668DFD /* Sources */,
				B48EDFF81F04963000668DFD /* Frameworks */,
				B48EDFF91F04963000668DFD /* Resources */,
				7AFB2AFEDF28CB7B082CBA2F /* [CP] Embed Pods Frameworks */,
				9EFED6160D519A2F9764363C /* [CP] Copy Pods Resources */,
			);
			buildRules = (
			);
			dependencies = (
			);
			name = Victory;
			productName = Victory;
			productReference = B48EDFFB1F04963000668DFD /* Victory.app */;
			productType = "com.apple.product-type.application";
		};
		B48EE00E1F04963000668DFD /* VictoryTests */ = {
			isa = PBXNativeTarget;
			buildConfigurationList = B48EE0261F04963000668DFD /* Build configuration list for PBXNativeTarget "VictoryTests" */;
			buildPhases = (
				9DA61E839F1DE923BC483F9F /* [CP] Check Pods Manifest.lock */,
				B48EE00B1F04963000668DFD /* Sources */,
				B48EE00C1F04963000668DFD /* Frameworks */,
				B48EE00D1F04963000668DFD /* Resources */,
				48B9B86833C38782282BCD29 /* [CP] Embed Pods Frameworks */,
				71A33BE64FFB135764746189 /* [CP] Copy Pods Resources */,
			);
			buildRules = (
			);
			dependencies = (
				B48EE0111F04963000668DFD /* PBXTargetDependency */,
			);
			name = VictoryTests;
			productName = VictoryTests;
			productReference = B48EE00F1F04963000668DFD /* VictoryTests.xctest */;
			productType = "com.apple.product-type.bundle.unit-test";
		};
		B48EE0191F04963000668DFD /* VictoryUITests */ = {
			isa = PBXNativeTarget;
			buildConfigurationList = B48EE0291F04963000668DFD /* Build configuration list for PBXNativeTarget "VictoryUITests" */;
			buildPhases = (
				A285E7070F5860AD5144FCEA /* [CP] Check Pods Manifest.lock */,
				B48EE0161F04963000668DFD /* Sources */,
				B48EE0171F04963000668DFD /* Frameworks */,
				B48EE0181F04963000668DFD /* Resources */,
				2511544C047CA4AD7BD0D9EF /* [CP] Embed Pods Frameworks */,
				20919BB43D14433664F1D37D /* [CP] Copy Pods Resources */,
			);
			buildRules = (
			);
			dependencies = (
				B48EE01C1F04963000668DFD /* PBXTargetDependency */,
			);
			name = VictoryUITests;
			productName = VictoryUITests;
			productReference = B48EE01A1F04963000668DFD /* VictoryUITests.xctest */;
			productType = "com.apple.product-type.bundle.ui-testing";
		};
/* End PBXNativeTarget section */

/* Begin PBXProject section */
		B48EDFF31F04963000668DFD /* Project object */ = {
			isa = PBXProject;
			attributes = {
				LastSwiftUpdateCheck = 0900;
				LastUpgradeCheck = 0900;
				ORGANIZATIONNAME = "Evergreen Labs";
				TargetAttributes = {
					B48EDFFA1F04963000668DFD = {
						CreatedOnToolsVersion = 9.0;
					};
					B48EE00E1F04963000668DFD = {
						CreatedOnToolsVersion = 9.0;
						TestTargetID = B48EDFFA1F04963000668DFD;
					};
					B48EE0191F04963000668DFD = {
						CreatedOnToolsVersion = 9.0;
						TestTargetID = B48EDFFA1F04963000668DFD;
					};
				};
			};
			buildConfigurationList = B48EDFF61F04963000668DFD /* Build configuration list for PBXProject "Victory" */;
			compatibilityVersion = "Xcode 8.0";
			developmentRegion = en;
			hasScannedForEncodings = 0;
			knownRegions = (
				en,
				Base,
			);
			mainGroup = B48EDFF21F04963000668DFD;
			productRefGroup = B48EDFFC1F04963000668DFD /* Products */;
			projectDirPath = "";
			projectRoot = "";
			targets = (
				B48EDFFA1F04963000668DFD /* Victory */,
				B48EE00E1F04963000668DFD /* VictoryTests */,
				B48EE0191F04963000668DFD /* VictoryUITests */,
			);
		};
/* End PBXProject section */

/* Begin PBXResourcesBuildPhase section */
		B48EDFF91F04963000668DFD /* Resources */ = {
			isa = PBXResourcesBuildPhase;
			buildActionMask = 2147483647;
			files = (
				B48EE0091F04963000668DFD /* LaunchScreen.storyboard in Resources */,
				B48EE0061F04963000668DFD /* Assets.xcassets in Resources */,
				B48EE0041F04963000668DFD /* Main.storyboard in Resources */,
			);
			runOnlyForDeploymentPostprocessing = 0;
		};
		B48EE00D1F04963000668DFD /* Resources */ = {
			isa = PBXResourcesBuildPhase;
			buildActionMask = 2147483647;
			files = (
			);
			runOnlyForDeploymentPostprocessing = 0;
		};
		B48EE0181F04963000668DFD /* Resources */ = {
			isa = PBXResourcesBuildPhase;
			buildActionMask = 2147483647;
			files = (
			);
			runOnlyForDeploymentPostprocessing = 0;
		};
/* End PBXResourcesBuildPhase section */

/* Begin PBXShellScriptBuildPhase section */
		20919BB43D14433664F1D37D /* [CP] Copy Pods Resources */ = {
			isa = PBXShellScriptBuildPhase;
			buildActionMask = 2147483647;
			files = (
			);
			inputPaths = (
			);
			name = "[CP] Copy Pods Resources";
			outputPaths = (
			);
			runOnlyForDeploymentPostprocessing = 0;
			shellPath = /bin/sh;
			shellScript = "\"${SRCROOT}/Pods/Target Support Files/Pods-VictoryUITests/Pods-VictoryUITests-resources.sh\"\n";
			showEnvVarsInLog = 0;
		};
		2511544C047CA4AD7BD0D9EF /* [CP] Embed Pods Frameworks */ = {
			isa = PBXShellScriptBuildPhase;
			buildActionMask = 2147483647;
			files = (
			);
			inputPaths = (
			);
			name = "[CP] Embed Pods Frameworks";
			outputPaths = (
			);
			runOnlyForDeploymentPostprocessing = 0;
			shellPath = /bin/sh;
			shellScript = "\"${SRCROOT}/Pods/Target Support Files/Pods-VictoryUITests/Pods-VictoryUITests-frameworks.sh\"\n";
			showEnvVarsInLog = 0;
		};
		44DD263DAF2E2F223790CD65 /* [CP] Check Pods Manifest.lock */ = {
			isa = PBXShellScriptBuildPhase;
			buildActionMask = 2147483647;
			files = (
			);
			inputPaths = (
			);
			name = "[CP] Check Pods Manifest.lock";
			outputPaths = (
			);
			runOnlyForDeploymentPostprocessing = 0;
			shellPath = /bin/sh;
			shellScript = "diff \"${PODS_PODFILE_DIR_PATH}/Podfile.lock\" \"${PODS_ROOT}/Manifest.lock\" > /dev/null\nif [ $? != 0 ] ; then\n    # print error to STDERR\n    echo \"error: The sandbox is not in sync with the Podfile.lock. Run 'pod install' or update your CocoaPods installation.\" >&2\n    exit 1\nfi\n";
			showEnvVarsInLog = 0;
		};
		48B9B86833C38782282BCD29 /* [CP] Embed Pods Frameworks */ = {
			isa = PBXShellScriptBuildPhase;
			buildActionMask = 2147483647;
			files = (
			);
			inputPaths = (
			);
			name = "[CP] Embed Pods Frameworks";
			outputPaths = (
			);
			runOnlyForDeploymentPostprocessing = 0;
			shellPath = /bin/sh;
			shellScript = "\"${SRCROOT}/Pods/Target Support Files/Pods-VictoryTests/Pods-VictoryTests-frameworks.sh\"\n";
			showEnvVarsInLog = 0;
		};
		71A33BE64FFB135764746189 /* [CP] Copy Pods Resources */ = {
			isa = PBXShellScriptBuildPhase;
			buildActionMask = 2147483647;
			files = (
			);
			inputPaths = (
			);
			name = "[CP] Copy Pods Resources";
			outputPaths = (
			);
			runOnlyForDeploymentPostprocessing = 0;
			shellPath = /bin/sh;
			shellScript = "\"${SRCROOT}/Pods/Target Support Files/Pods-VictoryTests/Pods-VictoryTests-resources.sh\"\n";
			showEnvVarsInLog = 0;
		};
		7AFB2AFEDF28CB7B082CBA2F /* [CP] Embed Pods Frameworks */ = {
			isa = PBXShellScriptBuildPhase;
			buildActionMask = 2147483647;
			files = (
			);
			inputPaths = (
			);
			name = "[CP] Embed Pods Frameworks";
			outputPaths = (
			);
			runOnlyForDeploymentPostprocessing = 0;
			shellPath = /bin/sh;
			shellScript = "\"${SRCROOT}/Pods/Target Support Files/Pods-Victory/Pods-Victory-frameworks.sh\"\n";
			showEnvVarsInLog = 0;
		};
		9DA61E839F1DE923BC483F9F /* [CP] Check Pods Manifest.lock */ = {
			isa = PBXShellScriptBuildPhase;
			buildActionMask = 2147483647;
			files = (
			);
			inputPaths = (
			);
			name = "[CP] Check Pods Manifest.lock";
			outputPaths = (
			);
			runOnlyForDeploymentPostprocessing = 0;
			shellPath = /bin/sh;
			shellScript = "diff \"${PODS_PODFILE_DIR_PATH}/Podfile.lock\" \"${PODS_ROOT}/Manifest.lock\" > /dev/null\nif [ $? != 0 ] ; then\n    # print error to STDERR\n    echo \"error: The sandbox is not in sync with the Podfile.lock. Run 'pod install' or update your CocoaPods installation.\" >&2\n    exit 1\nfi\n";
			showEnvVarsInLog = 0;
		};
		9EFED6160D519A2F9764363C /* [CP] Copy Pods Resources */ = {
			isa = PBXShellScriptBuildPhase;
			buildActionMask = 2147483647;
			files = (
			);
			inputPaths = (
			);
			name = "[CP] Copy Pods Resources";
			outputPaths = (
			);
			runOnlyForDeploymentPostprocessing = 0;
			shellPath = /bin/sh;
			shellScript = "\"${SRCROOT}/Pods/Target Support Files/Pods-Victory/Pods-Victory-resources.sh\"\n";
			showEnvVarsInLog = 0;
		};
		A285E7070F5860AD5144FCEA /* [CP] Check Pods Manifest.lock */ = {
			isa = PBXShellScriptBuildPhase;
			buildActionMask = 2147483647;
			files = (
			);
			inputPaths = (
			);
			name = "[CP] Check Pods Manifest.lock";
			outputPaths = (
			);
			runOnlyForDeploymentPostprocessing = 0;
			shellPath = /bin/sh;
			shellScript = "diff \"${PODS_PODFILE_DIR_PATH}/Podfile.lock\" \"${PODS_ROOT}/Manifest.lock\" > /dev/null\nif [ $? != 0 ] ; then\n    # print error to STDERR\n    echo \"error: The sandbox is not in sync with the Podfile.lock. Run 'pod install' or update your CocoaPods installation.\" >&2\n    exit 1\nfi\n";
			showEnvVarsInLog = 0;
		};
/* End PBXShellScriptBuildPhase section */

/* Begin PBXSourcesBuildPhase section */
		B48EDFF71F04963000668DFD /* Sources */ = {
			isa = PBXSourcesBuildPhase;
			buildActionMask = 2147483647;
			files = (
				B48EE0011F04963000668DFD /* ListViewController.swift in Sources */,
				B48EE02F1F049A4A00668DFD /* Run.swift in Sources */,
				B48EE0311F049BF000668DFD /* Location.swift in Sources */,
				B4B95A5C1F054FB200FE8C22 /* RunDetailViewController.swift in Sources */,
				B48EDFFF1F04963000668DFD /* AppDelegate.swift in Sources */,
			);
			runOnlyForDeploymentPostprocessing = 0;
		};
		B48EE00B1F04963000668DFD /* Sources */ = {
			isa = PBXSourcesBuildPhase;
			buildActionMask = 2147483647;
			files = (
				B48EE0141F04963000668DFD /* VictoryTests.swift in Sources */,
			);
			runOnlyForDeploymentPostprocessing = 0;
		};
		B48EE0161F04963000668DFD /* Sources */ = {
			isa = PBXSourcesBuildPhase;
			buildActionMask = 2147483647;
			files = (
				B48EE01F1F04963000668DFD /* VictoryUITests.swift in Sources */,
			);
			runOnlyForDeploymentPostprocessing = 0;
		};
/* End PBXSourcesBuildPhase section */

/* Begin PBXTargetDependency section */
		B48EE0111F04963000668DFD /* PBXTargetDependency */ = {
			isa = PBXTargetDependency;
			target = B48EDFFA1F04963000668DFD /* Victory */;
			targetProxy = B48EE0101F04963000668DFD /* PBXContainerItemProxy */;
		};
		B48EE01C1F04963000668DFD /* PBXTargetDependency */ = {
			isa = PBXTargetDependency;
			target = B48EDFFA1F04963000668DFD /* Victory */;
			targetProxy = B48EE01B1F04963000668DFD /* PBXContainerItemProxy */;
		};
/* End PBXTargetDependency section */

/* Begin PBXVariantGroup section */
		B48EE0021F04963000668DFD /* Main.storyboard */ = {
			isa = PBXVariantGroup;
			children = (
				B48EE0031F04963000668DFD /* Base */,
			);
			name = Main.storyboard;
			sourceTree = "<group>";
		};
		B48EE0071F04963000668DFD /* LaunchScreen.storyboard */ = {
			isa = PBXVariantGroup;
			children = (
				B48EE0081F04963000668DFD /* Base */,
			);
			name = LaunchScreen.storyboard;
			sourceTree = "<group>";
		};
/* End PBXVariantGroup section */

/* Begin XCBuildConfiguration section */
		B48EE0211F04963000668DFD /* Debug */ = {
			isa = XCBuildConfiguration;
			buildSettings = {
				ALWAYS_SEARCH_USER_PATHS = NO;
				CLANG_ANALYZER_NONNULL = YES;
				CLANG_ANALYZER_NUMBER_OBJECT_CONVERSION = YES_AGGRESSIVE;
				CLANG_CXX_LANGUAGE_STANDARD = "gnu++14";
				CLANG_CXX_LIBRARY = "libc++";
				CLANG_ENABLE_MODULES = YES;
				CLANG_ENABLE_OBJC_ARC = YES;
				CLANG_WARN_BLOCK_CAPTURE_AUTORELEASING = YES;
				CLANG_WARN_BOOL_CONVERSION = YES;
				CLANG_WARN_COMMA = YES;
				CLANG_WARN_CONSTANT_CONVERSION = YES;
				CLANG_WARN_DIRECT_OBJC_ISA_USAGE = YES_ERROR;
				CLANG_WARN_DOCUMENTATION_COMMENTS = YES;
				CLANG_WARN_EMPTY_BODY = YES;
				CLANG_WARN_ENUM_CONVERSION = YES;
				CLANG_WARN_INFINITE_RECURSION = YES;
				CLANG_WARN_INT_CONVERSION = YES;
				CLANG_WARN_OBJC_ROOT_CLASS = YES_ERROR;
				CLANG_WARN_RANGE_LOOP_ANALYSIS = YES;
				CLANG_WARN_STRICT_PROTOTYPES = YES;
				CLANG_WARN_SUSPICIOUS_MOVE = YES;
				CLANG_WARN_UNGUARDED_AVAILABILITY = YES_AGGRESSIVE;
				CLANG_WARN_UNREACHABLE_CODE = YES;
				CLANG_WARN__DUPLICATE_METHOD_MATCH = YES;
				CODE_SIGN_IDENTITY = "iPhone Developer";
				COPY_PHASE_STRIP = NO;
				DEBUG_INFORMATION_FORMAT = dwarf;
				ENABLE_STRICT_OBJC_MSGSEND = YES;
				ENABLE_TESTABILITY = YES;
				GCC_C_LANGUAGE_STANDARD = gnu11;
				GCC_DYNAMIC_NO_PIC = NO;
				GCC_NO_COMMON_BLOCKS = YES;
				GCC_OPTIMIZATION_LEVEL = 0;
				GCC_PREPROCESSOR_DEFINITIONS = (
					"DEBUG=1",
					"$(inherited)",
				);
				GCC_WARN_64_TO_32_BIT_CONVERSION = YES;
				GCC_WARN_ABOUT_RETURN_TYPE = YES_ERROR;
				GCC_WARN_UNDECLARED_SELECTOR = YES;
				GCC_WARN_UNINITIALIZED_AUTOS = YES_AGGRESSIVE;
				GCC_WARN_UNUSED_FUNCTION = YES;
				GCC_WARN_UNUSED_VARIABLE = YES;
				IPHONEOS_DEPLOYMENT_TARGET = 11.0;
				MTL_ENABLE_DEBUG_INFO = YES;
				ONLY_ACTIVE_ARCH = YES;
				SDKROOT = iphoneos;
				SWIFT_ACTIVE_COMPILATION_CONDITIONS = DEBUG;
				SWIFT_OPTIMIZATION_LEVEL = "-Onone";
			};
			name = Debug;
		};
		B48EE0221F04963000668DFD /* Release */ = {
			isa = XCBuildConfiguration;
			buildSettings = {
				ALWAYS_SEARCH_USER_PATHS = NO;
				CLANG_ANALYZER_NONNULL = YES;
				CLANG_ANALYZER_NUMBER_OBJECT_CONVERSION = YES_AGGRESSIVE;
				CLANG_CXX_LANGUAGE_STANDARD = "gnu++14";
				CLANG_CXX_LIBRARY = "libc++";
				CLANG_ENABLE_MODULES = YES;
				CLANG_ENABLE_OBJC_ARC = YES;
				CLANG_WARN_BLOCK_CAPTURE_AUTORELEASING = YES;
				CLANG_WARN_BOOL_CONVERSION = YES;
				CLANG_WARN_COMMA = YES;
				CLANG_WARN_CONSTANT_CONVERSION = YES;
				CLANG_WARN_DIRECT_OBJC_ISA_USAGE = YES_ERROR;
				CLANG_WARN_DOCUMENTATION_COMMENTS = YES;
				CLANG_WARN_EMPTY_BODY = YES;
				CLANG_WARN_ENUM_CONVERSION = YES;
				CLANG_WARN_INFINITE_RECURSION = YES;
				CLANG_WARN_INT_CONVERSION = YES;
				CLANG_WARN_OBJC_ROOT_CLASS = YES_ERROR;
				CLANG_WARN_RANGE_LOOP_ANALYSIS = YES;
				CLANG_WARN_STRICT_PROTOTYPES = YES;
				CLANG_WARN_SUSPICIOUS_MOVE = YES;
				CLANG_WARN_UNGUARDED_AVAILABILITY = YES_AGGRESSIVE;
				CLANG_WARN_UNREACHABLE_CODE = YES;
				CLANG_WARN__DUPLICATE_METHOD_MATCH = YES;
				CODE_SIGN_IDENTITY = "iPhone Developer";
				COPY_PHASE_STRIP = NO;
				DEBUG_INFORMATION_FORMAT = "dwarf-with-dsym";
				ENABLE_NS_ASSERTIONS = NO;
				ENABLE_STRICT_OBJC_MSGSEND = YES;
				GCC_C_LANGUAGE_STANDARD = gnu11;
				GCC_NO_COMMON_BLOCKS = YES;
				GCC_WARN_64_TO_32_BIT_CONVERSION = YES;
				GCC_WARN_ABOUT_RETURN_TYPE = YES_ERROR;
				GCC_WARN_UNDECLARED_SELECTOR = YES;
				GCC_WARN_UNINITIALIZED_AUTOS = YES_AGGRESSIVE;
				GCC_WARN_UNUSED_FUNCTION = YES;
				GCC_WARN_UNUSED_VARIABLE = YES;
				IPHONEOS_DEPLOYMENT_TARGET = 11.0;
				MTL_ENABLE_DEBUG_INFO = NO;
				SDKROOT = iphoneos;
				SWIFT_OPTIMIZATION_LEVEL = "-Owholemodule";
				VALIDATE_PRODUCT = YES;
			};
			name = Release;
		};
		B48EE0241F04963000668DFD /* Debug */ = {
			isa = XCBuildConfiguration;
			baseConfigurationReference = 1E05D73EF8AC4B4BB96A41E6 /* Pods-Victory.debug.xcconfig */;
			buildSettings = {
				ASSETCATALOG_COMPILER_APPICON_NAME = AppIcon;
				DEVELOPMENT_TEAM = 2C8QT4S3BM;
				INFOPLIST_FILE = Victory/Info.plist;
				LD_RUNPATH_SEARCH_PATHS = "$(inherited) @executable_path/Frameworks";
				PRODUCT_BUNDLE_IDENTIFIER = io.EvergreenLabs.Arseek;
				PRODUCT_NAME = "$(TARGET_NAME)";
				SWIFT_VERSION = 4.0;
				TARGETED_DEVICE_FAMILY = "1,2";
			};
			name = Debug;
		};
		B48EE0251F04963000668DFD /* Release */ = {
			isa = XCBuildConfiguration;
			baseConfigurationReference = 863B4A97021AAB0E95DADAA6 /* Pods-Victory.release.xcconfig */;
			buildSettings = {
				ASSETCATALOG_COMPILER_APPICON_NAME = AppIcon;
				DEVELOPMENT_TEAM = 2C8QT4S3BM;
				INFOPLIST_FILE = Victory/Info.plist;
				LD_RUNPATH_SEARCH_PATHS = "$(inherited) @executable_path/Frameworks";
				PRODUCT_BUNDLE_IDENTIFIER = io.EvergreenLabs.Arseek;
				PRODUCT_NAME = "$(TARGET_NAME)";
				SWIFT_VERSION = 4.0;
				TARGETED_DEVICE_FAMILY = "1,2";
			};
			name = Release;
		};
		B48EE0271F04963000668DFD /* Debug */ = {
			isa = XCBuildConfiguration;
			baseConfigurationReference = 0CD2F568C8193AB3EE246F70 /* Pods-VictoryTests.debug.xcconfig */;
			buildSettings = {
				ALWAYS_EMBED_SWIFT_STANDARD_LIBRARIES = YES;
				BUNDLE_LOADER = "$(TEST_HOST)";
				DEVELOPMENT_TEAM = 2C8QT4S3BM;
				INFOPLIST_FILE = VictoryTests/Info.plist;
				LD_RUNPATH_SEARCH_PATHS = "$(inherited) @executable_path/Frameworks @loader_path/Frameworks";
				PRODUCT_BUNDLE_IDENTIFIER = io.EvergreenLabs.VictoryTests;
				PRODUCT_NAME = "$(TARGET_NAME)";
				SWIFT_VERSION = 4.0;
				TARGETED_DEVICE_FAMILY = "1,2";
				TEST_HOST = "$(BUILT_PRODUCTS_DIR)/Victory.app/Victory";
			};
			name = Debug;
		};
		B48EE0281F04963000668DFD /* Release */ = {
			isa = XCBuildConfiguration;
			baseConfigurationReference = E3E0F4A01F832959A82426FB /* Pods-VictoryTests.release.xcconfig */;
			buildSettings = {
				ALWAYS_EMBED_SWIFT_STANDARD_LIBRARIES = YES;
				BUNDLE_LOADER = "$(TEST_HOST)";
				DEVELOPMENT_TEAM = 2C8QT4S3BM;
				INFOPLIST_FILE = VictoryTests/Info.plist;
				LD_RUNPATH_SEARCH_PATHS = "$(inherited) @executable_path/Frameworks @loader_path/Frameworks";
				PRODUCT_BUNDLE_IDENTIFIER = io.EvergreenLabs.VictoryTests;
				PRODUCT_NAME = "$(TARGET_NAME)";
				SWIFT_VERSION = 4.0;
				TARGETED_DEVICE_FAMILY = "1,2";
				TEST_HOST = "$(BUILT_PRODUCTS_DIR)/Victory.app/Victory";
			};
			name = Release;
		};
		B48EE02A1F04963000668DFD /* Debug */ = {
			isa = XCBuildConfiguration;
			baseConfigurationReference = 55F68AB14292742AB3DD0B25 /* Pods-VictoryUITests.debug.xcconfig */;
			buildSettings = {
				ALWAYS_EMBED_SWIFT_STANDARD_LIBRARIES = YES;
				DEVELOPMENT_TEAM = 2C8QT4S3BM;
				INFOPLIST_FILE = VictoryUITests/Info.plist;
				LD_RUNPATH_SEARCH_PATHS = "$(inherited) @executable_path/Frameworks @loader_path/Frameworks";
				PRODUCT_BUNDLE_IDENTIFIER = io.EvergreenLabs.VictoryUITests;
				PRODUCT_NAME = "$(TARGET_NAME)";
				SWIFT_VERSION = 4.0;
				TARGETED_DEVICE_FAMILY = "1,2";
				TEST_TARGET_NAME = Victory;
			};
			name = Debug;
		};
		B48EE02B1F04963000668DFD /* Release */ = {
			isa = XCBuildConfiguration;
			baseConfigurationReference = 6749F0A4317E798204128276 /* Pods-VictoryUITests.release.xcconfig */;
			buildSettings = {
				ALWAYS_EMBED_SWIFT_STANDARD_LIBRARIES = YES;
				DEVELOPMENT_TEAM = 2C8QT4S3BM;
				INFOPLIST_FILE = VictoryUITests/Info.plist;
				LD_RUNPATH_SEARCH_PATHS = "$(inherited) @executable_path/Frameworks @loader_path/Frameworks";
				PRODUCT_BUNDLE_IDENTIFIER = io.EvergreenLabs.VictoryUITests;
				PRODUCT_NAME = "$(TARGET_NAME)";
				SWIFT_VERSION = 4.0;
				TARGETED_DEVICE_FAMILY = "1,2";
				TEST_TARGET_NAME = Victory;
			};
			name = Release;
		};
/* End XCBuildConfiguration section */

/* Begin XCConfigurationList section */
		B48EDFF61F04963000668DFD /* Build configuration list for PBXProject "Victory" */ = {
			isa = XCConfigurationList;
			buildConfigurations = (
				B48EE0211F04963000668DFD /* Debug */,
				B48EE0221F04963000668DFD /* Release */,
			);
			defaultConfigurationIsVisible = 0;
			defaultConfigurationName = Release;
		};
		B48EE0231F04963000668DFD /* Build configuration list for PBXNativeTarget "Victory" */ = {
			isa = XCConfigurationList;
			buildConfigurations = (
				B48EE0241F04963000668DFD /* Debug */,
				B48EE0251F04963000668DFD /* Release */,
			);
			defaultConfigurationIsVisible = 0;
			defaultConfigurationName = Release;
		};
		B48EE0261F04963000668DFD /* Build configuration list for PBXNativeTarget "VictoryTests" */ = {
			isa = XCConfigurationList;
			buildConfigurations = (
				B48EE0271F04963000668DFD /* Debug */,
				B48EE0281F04963000668DFD /* Release */,
			);
			defaultConfigurationIsVisible = 0;
			defaultConfigurationName = Release;
		};
		B48EE0291F04963000668DFD /* Build configuration list for PBXNativeTarget "VictoryUITests" */ = {
			isa = XCConfigurationList;
			buildConfigurations = (
				B48EE02A1F04963000668DFD /* Debug */,
				B48EE02B1F04963000668DFD /* Release */,
			);
			defaultConfigurationIsVisible = 0;
			defaultConfigurationName = Release;
		};
/* End XCConfigurationList section */
	};
	rootObject = B48EDFF31F04963000668DFD /* Project object */;
}
